
Microsoft Visual Studio Solution File, Format Version 12.00
# Visual Studio 15
Project("{FAE04EC0-301F-11D3-BF4B-00C04F79EFBC}") = "UnityEngine.TestRunner", "UnityEngine.TestRunner.csproj", "{0F7A84CA-B55E-EAAA-A84F-D951A0526116}"
EndProject
Project("{FAE04EC0-301F-11D3-BF4B-00C04F79EFBC}") = "Unity.Mathematics", "Unity.Mathematics.csproj", "{83C54B60-288C-2954-62ED-E049E23EA2F4}"
EndProject
Project("{FAE04EC0-301F-11D3-BF4B-00C04F79EFBC}") = "Unity.InputSystem", "Unity.InputSystem.csproj", "{0FFF67C9-1B8F-73BE-99C2-9CB547D8EE2F}"
EndProject
Project("{FAE04EC0-301F-11D3-BF4B-00C04F79EFBC}") = "Unity.2D.Animation.Triangle.Runtime", "Unity.2D.Animation.Triangle.Runtime.csproj", "{021EDE85-1D29-5513-D7D5-18F9C282C7D3}"
EndProject
Project("{FAE04EC0-301F-11D3-BF4B-00C04F79EFBC}") = "Unity.Timeline", "Unity.Timeline.csproj", "{8E6DC360-9C24-B0BA-6A10-5EFCD8D3684D}"
EndProject
Project("{FAE04EC0-301F-11D3-BF4B-00C04F79EFBC}") = "UnityEngine.UI", "UnityEngine.UI.csproj", "{3F9F105E-1C21-AE74-DB43-C960905F10EB}"
EndProject
Project("{FAE04EC0-301F-11D3-BF4B-00C04F79EFBC}") = "Unity.TextMeshPro", "Unity.TextMeshPro.csproj", "{CACBBC4E-C3D7-D9C8-7F6C-4DA8094CD7EE}"
EndProject
Project("{FAE04EC0-301F-11D3-BF4B-00C04F79EFBC}") = "Unity.2D.Animation.Runtime", "Unity.2D.Animation.Runtime.csproj", "{964C3936-235E-F74D-0A5E-E12E3A2B2328}"
EndProject
Project("{FAE04EC0-301F-11D3-BF4B-00C04F79EFBC}") = "Assembly-CSharp", "Assembly-CSharp.csproj", "{0365B475-449D-716D-8FD3-F04C3D701AE3}"
EndProject
Project("{FAE04EC0-301F-11D3-BF4B-00C04F79EFBC}") = "Unity.2D.IK.Runtime", "Unity.2D.IK.Runtime.csproj", "{DDDE1405-AA14-ADE3-B4F9-BFA2BC7DF332}"
EndProject
Project("{FAE04EC0-301F-11D3-BF4B-00C04F79EFBC}") = "Unity.2D.SpriteShape.Runtime", "Unity.2D.SpriteShape.Runtime.csproj", "{7FA107E4-4EC7-D34D-065B-E9E6B7BD2FAD}"
EndProject
Project("{FAE04EC0-301F-11D3-BF4B-00C04F79EFBC}") = "Unity.2D.PixelPerfect", "Unity.2D.PixelPerfect.csproj", "{6BBE52E6-6581-845D-2087-06D3A47F7821}"
EndProject
Project("{FAE04EC0-301F-11D3-BF4B-00C04F79EFBC}") = "Unity.2D.Common.Runtime", "Unity.2D.Common.Runtime.csproj", "{CA69F84B-C499-7D49-E944-7B1EBAF4E807}"
EndProject
Project("{FAE04EC0-301F-11D3-BF4B-00C04F79EFBC}") = "Unity.InternalAPIEngineBridge.001", "Unity.InternalAPIEngineBridge.001.csproj", "{7C098892-E685-D01B-3899-19D78746C8BD}"
EndProject
Project("{FAE04EC0-301F-11D3-BF4B-00C04F79EFBC}") = "Unity.Timeline.Editor", "Unity.Timeline.Editor.csproj", "{F7AC330D-72ED-49DD-B257-A4079C5AB3BC}"
EndProject
Project("{FAE04EC0-301F-11D3-BF4B-00C04F79EFBC}") = "Unity.TextMeshPro.Editor", "Unity.TextMeshPro.Editor.csproj", "{9DABE7A5-1814-F56F-143A-0CAF8C5971CC}"
EndProject
Project("{FAE04EC0-301F-11D3-BF4B-00C04F79EFBC}") = "Unity.2D.Animation.Editor", "Unity.2D.Animation.Editor.csproj", "{FBC0D773-E556-5926-530F-7CAB8D209037}"
EndProject
Project("{FAE04EC0-301F-11D3-BF4B-00C04F79EFBC}") = "UnityEditor.TestRunner", "UnityEditor.TestRunner.csproj", "{294A6153-15A3-8AA5-DCFC-DA030DA63828}"
EndProject
Project("{FAE04EC0-301F-11D3-BF4B-00C04F79EFBC}") = "UnityEditor.UI", "UnityEditor.UI.csproj", "{A0FDE48C-7A68-CFB7-1BA1-52A2147782E9}"
EndProject
Project("{FAE04EC0-301F-11D3-BF4B-00C04F79EFBC}") = "Unity.VisualStudio.Editor", "Unity.VisualStudio.Editor.csproj", "{5A181793-CE37-A480-632F-E7B924FDBDEE}"
EndProject
Project("{FAE04EC0-301F-11D3-BF4B-00C04F79EFBC}") = "Unity.2D.Psdimporter.Editor", "Unity.2D.Psdimporter.Editor.csproj", "{A61F722D-B973-001A-D547-0BCC7280954E}"
EndProject
Project("{FAE04EC0-301F-11D3-BF4B-00C04F79EFBC}") = "Unity.2D.SpriteShape.Editor", "Unity.2D.SpriteShape.Editor.csproj", "{24D0437A-9396-3B29-FDEA-C6AD2BD76074}"
EndProject
Project("{FAE04EC0-301F-11D3-BF4B-00C04F79EFBC}") = "Unity.CollabProxy.Editor", "Unity.CollabProxy.Editor.csproj", "{A1F508BF-A7C3-2108-D60B-C750F49D729F}"
EndProject
Project("{FAE04EC0-301F-11D3-BF4B-00C04F79EFBC}") = "PsdPlugin", "PsdPlugin.csproj", "{4AD937BE-CCC3-48B4-D854-BAB9A5F2A2DB}"
EndProject
Project("{FAE04EC0-301F-11D3-BF4B-00C04F79EFBC}") = "Unity.2D.Path.Editor", "Unity.2D.Path.Editor.csproj", "{F2600FFC-29F7-80BF-CF71-2469DB7F11AE}"
EndProject
Project("{FAE04EC0-301F-11D3-BF4B-00C04F79EFBC}") = "Unity.Rider.Editor", "Unity.Rider.Editor.csproj", "{47D3897D-A822-D29A-30E3-1BDC5F7A2380}"
EndProject
Project("{FAE04EC0-301F-11D3-BF4B-00C04F79EFBC}") = "Unity.2D.IK.Editor", "Unity.2D.IK.Editor.csproj", "{684407AC-964B-B5AD-646B-15D926CCADF6}"
EndProject
Project("{FAE04EC0-301F-11D3-BF4B-00C04F79EFBC}") = "Unity.2D.Sprite.Editor", "Unity.2D.Sprite.Editor.csproj", "{D0CF5BA8-8FC0-6DCF-2F12-258FC08AAED4}"
EndProject
Project("{FAE04EC0-301F-11D3-BF4B-00C04F79EFBC}") = "Unity.2D.Tilemap.Editor", "Unity.2D.Tilemap.Editor.csproj", "{1B1921AB-65A7-F57C-989A-8E06BB5910CD}"
EndProject
Project("{FAE04EC0-301F-11D3-BF4B-00C04F79EFBC}") = "Unity.2D.PixelPerfect.Editor", "Unity.2D.PixelPerfect.Editor.csproj", "{9042F7C8-3BD7-E317-F023-DBE3F65B8317}"
EndProject
Project("{FAE04EC0-301F-11D3-BF4B-00C04F79EFBC}") = "Unity.VSCode.Editor", "Unity.VSCode.Editor.csproj", "{5ECC93FB-999A-35CB-9D30-57A7F7329F26}"
EndProject
Project("{FAE04EC0-301F-11D3-BF4B-00C04F79EFBC}") = "Unity.2D.Common.Editor", "Unity.2D.Common.Editor.csproj", "{CC54D4E2-A164-50A8-72D2-1C01DA83A99B}"
EndProject
Project("{FAE04EC0-301F-11D3-BF4B-00C04F79EFBC}") = "Unity.Mathematics.Editor", "Unity.Mathematics.Editor.csproj", "{820031AC-093A-4D24-D548-BE874D67A3A0}"
EndProject
Project("{FAE04EC0-301F-11D3-BF4B-00C04F79EFBC}") = "Unity.InternalAPIEditorBridge.001", "Unity.InternalAPIEditorBridge.001.csproj", "{BB9C2C9D-9C1B-2A0E-8870-B86F346CE4B6}"
EndProject
Project("{FAE04EC0-301F-11D3-BF4B-00C04F79EFBC}") = "UnityEngine.TestRunner", "UnityEngine.TestRunner.Player.csproj", "{CBB0530F-E8E4-2ED0-25D3-92EFB8E4642D}"
EndProject
Project("{FAE04EC0-301F-11D3-BF4B-00C04F79EFBC}") = "Unity.Mathematics", "Unity.Mathematics.Player.csproj", "{AFA7D8A8-1D47-1FC2-A1C4-15255FF0C2FF}"
EndProject
Project("{FAE04EC0-301F-11D3-BF4B-00C04F79EFBC}") = "Unity.InputSystem", "Unity.InputSystem.Player.csproj", "{62D0A89F-77BB-67DA-BB84-9D84E8CB9CAC}"
EndProject
Project("{FAE04EC0-301F-11D3-BF4B-00C04F79EFBC}") = "Unity.2D.Animation.Triangle.Runtime", "Unity.2D.Animation.Triangle.Runtime.Player.csproj", "{1F2D3333-7FA5-1BFA-36B4-0BBCB84D3228}"
EndProject
Project("{FAE04EC0-301F-11D3-BF4B-00C04F79EFBC}") = "Unity.Timeline", "Unity.Timeline.Player.csproj", "{136F2D39-8A8C-C29E-D6B9-D8B574B0CEFE}"
EndProject
Project("{FAE04EC0-301F-11D3-BF4B-00C04F79EFBC}") = "UnityEngine.UI", "UnityEngine.UI.Player.csproj", "{66244C09-A822-79AB-6940-8F8827C3A9D8}"
EndProject
Project("{FAE04EC0-301F-11D3-BF4B-00C04F79EFBC}") = "Unity.TextMeshPro", "Unity.TextMeshPro.Player.csproj", "{AA0644F6-DAD6-1A85-57BB-723AA155DD0F}"
EndProject
Project("{FAE04EC0-301F-11D3-BF4B-00C04F79EFBC}") = "Unity.2D.Animation.Runtime", "Unity.2D.Animation.Runtime.Player.csproj", "{D933421F-0B68-DEB6-1143-7E77340BAC38}"
EndProject
Project("{FAE04EC0-301F-11D3-BF4B-00C04F79EFBC}") = "Assembly-CSharp", "Assembly-CSharp.Player.csproj", "{0C56FFC7-B04B-E236-96B2-66C08CDB88B4}"
EndProject
Project("{FAE04EC0-301F-11D3-BF4B-00C04F79EFBC}") = "Unity.2D.IK.Runtime", "Unity.2D.IK.Runtime.Player.csproj", "{BA141655-6EC6-2E23-DE56-5D9E2230E97A}"
EndProject
Project("{FAE04EC0-301F-11D3-BF4B-00C04F79EFBC}") = "Unity.2D.SpriteShape.Runtime", "Unity.2D.SpriteShape.Runtime.Player.csproj", "{1DD8566A-7BEC-6DCF-73DE-3EC96799BDCF}"
EndProject
Project("{FAE04EC0-301F-11D3-BF4B-00C04F79EFBC}") = "Unity.2D.PixelPerfect", "Unity.2D.PixelPerfect.Player.csproj", "{150BC31C-10E7-6CC2-63F9-19A40E0B6B21}"
EndProject
Project("{FAE04EC0-301F-11D3-BF4B-00C04F79EFBC}") = "Unity.2D.Common.Runtime", "Unity.2D.Common.Runtime.Player.csproj", "{A449A66A-ADC6-4A82-AB69-7E235CB330CA}"
EndProject
Project("{FAE04EC0-301F-11D3-BF4B-00C04F79EFBC}") = "Unity.InternalAPIEngineBridge.001", "Unity.InternalAPIEngineBridge.001.Player.csproj", "{94E3B281-89CE-81BD-C429-C2FE93184137}"
EndProject
Global
	GlobalSection(SolutionConfigurationPlatforms) = preSolution
		Debug|Any CPU = Debug|Any CPU
		Release|Any CPU = Release|Any CPU
	EndGlobalSection
	GlobalSection(ProjectConfigurationPlatforms) = postSolution
		{0F7A84CA-B55E-EAAA-A84F-D951A0526116}.Debug|Any CPU.ActiveCfg = Debug|Any CPU
		{0F7A84CA-B55E-EAAA-A84F-D951A0526116}.Debug|Any CPU.Build.0 = Debug|Any CPU
		{0F7A84CA-B55E-EAAA-A84F-D951A0526116}.Release|Any CPU.ActiveCfg = Release|Any CPU
		{0F7A84CA-B55E-EAAA-A84F-D951A0526116}.Release|Any CPU.Build.0 = Release|Any CPU
		{83C54B60-288C-2954-62ED-E049E23EA2F4}.Debug|Any CPU.ActiveCfg = Debug|Any CPU
		{83C54B60-288C-2954-62ED-E049E23EA2F4}.Debug|Any CPU.Build.0 = Debug|Any CPU
		{83C54B60-288C-2954-62ED-E049E23EA2F4}.Release|Any CPU.ActiveCfg = Release|Any CPU
		{83C54B60-288C-2954-62ED-E049E23EA2F4}.Release|Any CPU.Build.0 = Release|Any CPU
		{0FFF67C9-1B8F-73BE-99C2-9CB547D8EE2F}.Debug|Any CPU.ActiveCfg = Debug|Any CPU
		{0FFF67C9-1B8F-73BE-99C2-9CB547D8EE2F}.Debug|Any CPU.Build.0 = Debug|Any CPU
		{0FFF67C9-1B8F-73BE-99C2-9CB547D8EE2F}.Release|Any CPU.ActiveCfg = Release|Any CPU
		{0FFF67C9-1B8F-73BE-99C2-9CB547D8EE2F}.Release|Any CPU.Build.0 = Release|Any CPU
		{021EDE85-1D29-5513-D7D5-18F9C282C7D3}.Debug|Any CPU.ActiveCfg = Debug|Any CPU
		{021EDE85-1D29-5513-D7D5-18F9C282C7D3}.Debug|Any CPU.Build.0 = Debug|Any CPU
		{021EDE85-1D29-5513-D7D5-18F9C282C7D3}.Release|Any CPU.ActiveCfg = Release|Any CPU
		{021EDE85-1D29-5513-D7D5-18F9C282C7D3}.Release|Any CPU.Build.0 = Release|Any CPU
		{8E6DC360-9C24-B0BA-6A10-5EFCD8D3684D}.Debug|Any CPU.ActiveCfg = Debug|Any CPU
		{8E6DC360-9C24-B0BA-6A10-5EFCD8D3684D}.Debug|Any CPU.Build.0 = Debug|Any CPU
		{8E6DC360-9C24-B0BA-6A10-5EFCD8D3684D}.Release|Any CPU.ActiveCfg = Release|Any CPU
		{8E6DC360-9C24-B0BA-6A10-5EFCD8D3684D}.Release|Any CPU.Build.0 = Release|Any CPU
		{3F9F105E-1C21-AE74-DB43-C960905F10EB}.Debug|Any CPU.ActiveCfg = Debug|Any CPU
		{3F9F105E-1C21-AE74-DB43-C960905F10EB}.Debug|Any CPU.Build.0 = Debug|Any CPU
		{3F9F105E-1C21-AE74-DB43-C960905F10EB}.Release|Any CPU.ActiveCfg = Release|Any CPU
		{3F9F105E-1C21-AE74-DB43-C960905F10EB}.Release|Any CPU.Build.0 = Release|Any CPU
		{CACBBC4E-C3D7-D9C8-7F6C-4DA8094CD7EE}.Debug|Any CPU.ActiveCfg = Debug|Any CPU
		{CACBBC4E-C3D7-D9C8-7F6C-4DA8094CD7EE}.Debug|Any CPU.Build.0 = Debug|Any CPU
		{CACBBC4E-C3D7-D9C8-7F6C-4DA8094CD7EE}.Release|Any CPU.ActiveCfg = Release|Any CPU
		{CACBBC4E-C3D7-D9C8-7F6C-4DA8094CD7EE}.Release|Any CPU.Build.0 = Release|Any CPU
		{964C3936-235E-F74D-0A5E-E12E3A2B2328}.Debug|Any CPU.ActiveCfg = Debug|Any CPU
		{964C3936-235E-F74D-0A5E-E12E3A2B2328}.Debug|Any CPU.Build.0 = Debug|Any CPU
		{964C3936-235E-F74D-0A5E-E12E3A2B2328}.Release|Any CPU.ActiveCfg = Release|Any CPU
		{964C3936-235E-F74D-0A5E-E12E3A2B2328}.Release|Any CPU.Build.0 = Release|Any CPU
		{0365B475-449D-716D-8FD3-F04C3D701AE3}.Debug|Any CPU.ActiveCfg = Debug|Any CPU
		{0365B475-449D-716D-8FD3-F04C3D701AE3}.Debug|Any CPU.Build.0 = Debug|Any CPU
		{0365B475-449D-716D-8FD3-F04C3D701AE3}.Release|Any CPU.ActiveCfg = Release|Any CPU
		{0365B475-449D-716D-8FD3-F04C3D701AE3}.Release|Any CPU.Build.0 = Release|Any CPU
		{DDDE1405-AA14-ADE3-B4F9-BFA2BC7DF332}.Debug|Any CPU.ActiveCfg = Debug|Any CPU
		{DDDE1405-AA14-ADE3-B4F9-BFA2BC7DF332}.Debug|Any CPU.Build.0 = Debug|Any CPU
		{DDDE1405-AA14-ADE3-B4F9-BFA2BC7DF332}.Release|Any CPU.ActiveCfg = Release|Any CPU
		{DDDE1405-AA14-ADE3-B4F9-BFA2BC7DF332}.Release|Any CPU.Build.0 = Release|Any CPU
		{7FA107E4-4EC7-D34D-065B-E9E6B7BD2FAD}.Debug|Any CPU.ActiveCfg = Debug|Any CPU
		{7FA107E4-4EC7-D34D-065B-E9E6B7BD2FAD}.Debug|Any CPU.Build.0 = Debug|Any CPU
		{7FA107E4-4EC7-D34D-065B-E9E6B7BD2FAD}.Release|Any CPU.ActiveCfg = Release|Any CPU
		{7FA107E4-4EC7-D34D-065B-E9E6B7BD2FAD}.Release|Any CPU.Build.0 = Release|Any CPU
		{6BBE52E6-6581-845D-2087-06D3A47F7821}.Debug|Any CPU.ActiveCfg = Debug|Any CPU
		{6BBE52E6-6581-845D-2087-06D3A47F7821}.Debug|Any CPU.Build.0 = Debug|Any CPU
		{6BBE52E6-6581-845D-2087-06D3A47F7821}.Release|Any CPU.ActiveCfg = Release|Any CPU
		{6BBE52E6-6581-845D-2087-06D3A47F7821}.Release|Any CPU.Build.0 = Release|Any CPU
		{CA69F84B-C499-7D49-E944-7B1EBAF4E807}.Debug|Any CPU.ActiveCfg = Debug|Any CPU
		{CA69F84B-C499-7D49-E944-7B1EBAF4E807}.Debug|Any CPU.Build.0 = Debug|Any CPU
		{CA69F84B-C499-7D49-E944-7B1EBAF4E807}.Release|Any CPU.ActiveCfg = Release|Any CPU
		{CA69F84B-C499-7D49-E944-7B1EBAF4E807}.Release|Any CPU.Build.0 = Release|Any CPU
		{7C098892-E685-D01B-3899-19D78746C8BD}.Debug|Any CPU.ActiveCfg = Debug|Any CPU
		{7C098892-E685-D01B-3899-19D78746C8BD}.Debug|Any CPU.Build.0 = Debug|Any CPU
		{7C098892-E685-D01B-3899-19D78746C8BD}.Release|Any CPU.ActiveCfg = Release|Any CPU
		{7C098892-E685-D01B-3899-19D78746C8BD}.Release|Any CPU.Build.0 = Release|Any CPU
		{F7AC330D-72ED-49DD-B257-A4079C5AB3BC}.Debug|Any CPU.ActiveCfg = Debug|Any CPU
		{F7AC330D-72ED-49DD-B257-A4079C5AB3BC}.Debug|Any CPU.Build.0 = Debug|Any CPU
		{F7AC330D-72ED-49DD-B257-A4079C5AB3BC}.Release|Any CPU.ActiveCfg = Release|Any CPU
		{F7AC330D-72ED-49DD-B257-A4079C5AB3BC}.Release|Any CPU.Build.0 = Release|Any CPU
		{9DABE7A5-1814-F56F-143A-0CAF8C5971CC}.Debug|Any CPU.ActiveCfg = Debug|Any CPU
		{9DABE7A5-1814-F56F-143A-0CAF8C5971CC}.Debug|Any CPU.Build.0 = Debug|Any CPU
		{9DABE7A5-1814-F56F-143A-0CAF8C5971CC}.Release|Any CPU.ActiveCfg = Release|Any CPU
		{9DABE7A5-1814-F56F-143A-0CAF8C5971CC}.Release|Any CPU.Build.0 = Release|Any CPU
		{FBC0D773-E556-5926-530F-7CAB8D209037}.Debug|Any CPU.ActiveCfg = Debug|Any CPU
		{FBC0D773-E556-5926-530F-7CAB8D209037}.Debug|Any CPU.Build.0 = Debug|Any CPU
		{FBC0D773-E556-5926-530F-7CAB8D209037}.Release|Any CPU.ActiveCfg = Release|Any CPU
		{FBC0D773-E556-5926-530F-7CAB8D209037}.Release|Any CPU.Build.0 = Release|Any CPU
		{294A6153-15A3-8AA5-DCFC-DA030DA63828}.Debug|Any CPU.ActiveCfg = Debug|Any CPU
		{294A6153-15A3-8AA5-DCFC-DA030DA63828}.Debug|Any CPU.Build.0 = Debug|Any CPU
		{294A6153-15A3-8AA5-DCFC-DA030DA63828}.Release|Any CPU.ActiveCfg = Release|Any CPU
		{294A6153-15A3-8AA5-DCFC-DA030DA63828}.Release|Any CPU.Build.0 = Release|Any CPU
		{A0FDE48C-7A68-CFB7-1BA1-52A2147782E9}.Debug|Any CPU.ActiveCfg = Debug|Any CPU
		{A0FDE48C-7A68-CFB7-1BA1-52A2147782E9}.Debug|Any CPU.Build.0 = Debug|Any CPU
		{A0FDE48C-7A68-CFB7-1BA1-52A2147782E9}.Release|Any CPU.ActiveCfg = Release|Any CPU
		{A0FDE48C-7A68-CFB7-1BA1-52A2147782E9}.Release|Any CPU.Build.0 = Release|Any CPU
		{5A181793-CE37-A480-632F-E7B924FDBDEE}.Debug|Any CPU.ActiveCfg = Debug|Any CPU
		{5A181793-CE37-A480-632F-E7B924FDBDEE}.Debug|Any CPU.Build.0 = Debug|Any CPU
		{5A181793-CE37-A480-632F-E7B924FDBDEE}.Release|Any CPU.ActiveCfg = Release|Any CPU
		{5A181793-CE37-A480-632F-E7B924FDBDEE}.Release|Any CPU.Build.0 = Release|Any CPU
		{A61F722D-B973-001A-D547-0BCC7280954E}.Debug|Any CPU.ActiveCfg = Debug|Any CPU
		{A61F722D-B973-001A-D547-0BCC7280954E}.Debug|Any CPU.Build.0 = Debug|Any CPU
		{A61F722D-B973-001A-D547-0BCC7280954E}.Release|Any CPU.ActiveCfg = Release|Any CPU
		{A61F722D-B973-001A-D547-0BCC7280954E}.Release|Any CPU.Build.0 = Release|Any CPU
		{24D0437A-9396-3B29-FDEA-C6AD2BD76074}.Debug|Any CPU.ActiveCfg = Debug|Any CPU
		{24D0437A-9396-3B29-FDEA-C6AD2BD76074}.Debug|Any CPU.Build.0 = Debug|Any CPU
		{24D0437A-9396-3B29-FDEA-C6AD2BD76074}.Release|Any CPU.ActiveCfg = Release|Any CPU
		{24D0437A-9396-3B29-FDEA-C6AD2BD76074}.Release|Any CPU.Build.0 = Release|Any CPU
		{A1F508BF-A7C3-2108-D60B-C750F49D729F}.Debug|Any CPU.ActiveCfg = Debug|Any CPU
		{A1F508BF-A7C3-2108-D60B-C750F49D729F}.Debug|Any CPU.Build.0 = Debug|Any CPU
		{A1F508BF-A7C3-2108-D60B-C750F49D729F}.Release|Any CPU.ActiveCfg = Release|Any CPU
		{A1F508BF-A7C3-2108-D60B-C750F49D729F}.Release|Any CPU.Build.0 = Release|Any CPU
		{4AD937BE-CCC3-48B4-D854-BAB9A5F2A2DB}.Debug|Any CPU.ActiveCfg = Debug|Any CPU
		{4AD937BE-CCC3-48B4-D854-BAB9A5F2A2DB}.Debug|Any CPU.Build.0 = Debug|Any CPU
		{4AD937BE-CCC3-48B4-D854-BAB9A5F2A2DB}.Release|Any CPU.ActiveCfg = Release|Any CPU
		{4AD937BE-CCC3-48B4-D854-BAB9A5F2A2DB}.Release|Any CPU.Build.0 = Release|Any CPU
		{F2600FFC-29F7-80BF-CF71-2469DB7F11AE}.Debug|Any CPU.ActiveCfg = Debug|Any CPU
		{F2600FFC-29F7-80BF-CF71-2469DB7F11AE}.Debug|Any CPU.Build.0 = Debug|Any CPU
		{F2600FFC-29F7-80BF-CF71-2469DB7F11AE}.Release|Any CPU.ActiveCfg = Release|Any CPU
		{F2600FFC-29F7-80BF-CF71-2469DB7F11AE}.Release|Any CPU.Build.0 = Release|Any CPU
		{47D3897D-A822-D29A-30E3-1BDC5F7A2380}.Debug|Any CPU.ActiveCfg = Debug|Any CPU
		{47D3897D-A822-D29A-30E3-1BDC5F7A2380}.Debug|Any CPU.Build.0 = Debug|Any CPU
		{47D3897D-A822-D29A-30E3-1BDC5F7A2380}.Release|Any CPU.ActiveCfg = Release|Any CPU
		{47D3897D-A822-D29A-30E3-1BDC5F7A2380}.Release|Any CPU.Build.0 = Release|Any CPU
		{684407AC-964B-B5AD-646B-15D926CCADF6}.Debug|Any CPU.ActiveCfg = Debug|Any CPU
		{684407AC-964B-B5AD-646B-15D926CCADF6}.Debug|Any CPU.Build.0 = Debug|Any CPU
		{684407AC-964B-B5AD-646B-15D926CCADF6}.Release|Any CPU.ActiveCfg = Release|Any CPU
		{684407AC-964B-B5AD-646B-15D926CCADF6}.Release|Any CPU.Build.0 = Release|Any CPU
		{D0CF5BA8-8FC0-6DCF-2F12-258FC08AAED4}.Debug|Any CPU.ActiveCfg = Debug|Any CPU
		{D0CF5BA8-8FC0-6DCF-2F12-258FC08AAED4}.Debug|Any CPU.Build.0 = Debug|Any CPU
		{D0CF5BA8-8FC0-6DCF-2F12-258FC08AAED4}.Release|Any CPU.ActiveCfg = Release|Any CPU
		{D0CF5BA8-8FC0-6DCF-2F12-258FC08AAED4}.Release|Any CPU.Build.0 = Release|Any CPU
		{1B1921AB-65A7-F57C-989A-8E06BB5910CD}.Debug|Any CPU.ActiveCfg = Debug|Any CPU
		{1B1921AB-65A7-F57C-989A-8E06BB5910CD}.Debug|Any CPU.Build.0 = Debug|Any CPU
		{1B1921AB-65A7-F57C-989A-8E06BB5910CD}.Release|Any CPU.ActiveCfg = Release|Any CPU
		{1B1921AB-65A7-F57C-989A-8E06BB5910CD}.Release|Any CPU.Build.0 = Release|Any CPU
		{9042F7C8-3BD7-E317-F023-DBE3F65B8317}.Debug|Any CPU.ActiveCfg = Debug|Any CPU
		{9042F7C8-3BD7-E317-F023-DBE3F65B8317}.Debug|Any CPU.Build.0 = Debug|Any CPU
		{9042F7C8-3BD7-E317-F023-DBE3F65B8317}.Release|Any CPU.ActiveCfg = Release|Any CPU
		{9042F7C8-3BD7-E317-F023-DBE3F65B8317}.Release|Any CPU.Build.0 = Release|Any CPU
		{5ECC93FB-999A-35CB-9D30-57A7F7329F26}.Debug|Any CPU.ActiveCfg = Debug|Any CPU
		{5ECC93FB-999A-35CB-9D30-57A7F7329F26}.Debug|Any CPU.Build.0 = Debug|Any CPU
		{5ECC93FB-999A-35CB-9D30-57A7F7329F26}.Release|Any CPU.ActiveCfg = Release|Any CPU
		{5ECC93FB-999A-35CB-9D30-57A7F7329F26}.Release|Any CPU.Build.0 = Release|Any CPU
		{CC54D4E2-A164-50A8-72D2-1C01DA83A99B}.Debug|Any CPU.ActiveCfg = Debug|Any CPU
		{CC54D4E2-A164-50A8-72D2-1C01DA83A99B}.Debug|Any CPU.Build.0 = Debug|Any CPU
		{CC54D4E2-A164-50A8-72D2-1C01DA83A99B}.Release|Any CPU.ActiveCfg = Release|Any CPU
		{CC54D4E2-A164-50A8-72D2-1C01DA83A99B}.Release|Any CPU.Build.0 = Release|Any CPU
		{820031AC-093A-4D24-D548-BE874D67A3A0}.Debug|Any CPU.ActiveCfg = Debug|Any CPU
		{820031AC-093A-4D24-D548-BE874D67A3A0}.Debug|Any CPU.Build.0 = Debug|Any CPU
		{820031AC-093A-4D24-D548-BE874D67A3A0}.Release|Any CPU.ActiveCfg = Release|Any CPU
		{820031AC-093A-4D24-D548-BE874D67A3A0}.Release|Any CPU.Build.0 = Release|Any CPU
		{BB9C2C9D-9C1B-2A0E-8870-B86F346CE4B6}.Debug|Any CPU.ActiveCfg = Debug|Any CPU
		{BB9C2C9D-9C1B-2A0E-8870-B86F346CE4B6}.Debug|Any CPU.Build.0 = Debug|Any CPU
		{BB9C2C9D-9C1B-2A0E-8870-B86F346CE4B6}.Release|Any CPU.ActiveCfg = Release|Any CPU
		{BB9C2C9D-9C1B-2A0E-8870-B86F346CE4B6}.Release|Any CPU.Build.0 = Release|Any CPU
		{CBB0530F-E8E4-2ED0-25D3-92EFB8E4642D}.Debug|Any CPU.ActiveCfg = Debug|Any CPU
		{CBB0530F-E8E4-2ED0-25D3-92EFB8E4642D}.Debug|Any CPU.Build.0 = Debug|Any CPU
		{CBB0530F-E8E4-2ED0-25D3-92EFB8E4642D}.Release|Any CPU.ActiveCfg = Release|Any CPU
		{CBB0530F-E8E4-2ED0-25D3-92EFB8E4642D}.Release|Any CPU.Build.0 = Release|Any CPU
		{AFA7D8A8-1D47-1FC2-A1C4-15255FF0C2FF}.Debug|Any CPU.ActiveCfg = Debug|Any CPU
		{AFA7D8A8-1D47-1FC2-A1C4-15255FF0C2FF}.Debug|Any CPU.Build.0 = Debug|Any CPU
		{AFA7D8A8-1D47-1FC2-A1C4-15255FF0C2FF}.Release|Any CPU.ActiveCfg = Release|Any CPU
		{AFA7D8A8-1D47-1FC2-A1C4-15255FF0C2FF}.Release|Any CPU.Build.0 = Release|Any CPU
		{62D0A89F-77BB-67DA-BB84-9D84E8CB9CAC}.Debug|Any CPU.ActiveCfg = Debug|Any CPU
		{62D0A89F-77BB-67DA-BB84-9D84E8CB9CAC}.Debug|Any CPU.Build.0 = Debug|Any CPU
		{62D0A89F-77BB-67DA-BB84-9D84E8CB9CAC}.Release|Any CPU.ActiveCfg = Release|Any CPU
		{62D0A89F-77BB-67DA-BB84-9D84E8CB9CAC}.Release|Any CPU.Build.0 = Release|Any CPU
		{1F2D3333-7FA5-1BFA-36B4-0BBCB84D3228}.Debug|Any CPU.ActiveCfg = Debug|Any CPU
		{1F2D3333-7FA5-1BFA-36B4-0BBCB84D3228}.Debug|Any CPU.Build.0 = Debug|Any CPU
		{1F2D3333-7FA5-1BFA-36B4-0BBCB84D3228}.Release|Any CPU.ActiveCfg = Release|Any CPU
		{1F2D3333-7FA5-1BFA-36B4-0BBCB84D3228}.Release|Any CPU.Build.0 = Release|Any CPU
		{136F2D39-8A8C-C29E-D6B9-D8B574B0CEFE}.Debug|Any CPU.ActiveCfg = Debug|Any CPU
		{136F2D39-8A8C-C29E-D6B9-D8B574B0CEFE}.Debug|Any CPU.Build.0 = Debug|Any CPU
		{136F2D39-8A8C-C29E-D6B9-D8B574B0CEFE}.Release|Any CPU.ActiveCfg = Release|Any CPU
		{136F2D39-8A8C-C29E-D6B9-D8B574B0CEFE}.Release|Any CPU.Build.0 = Release|Any CPU
		{66244C09-A822-79AB-6940-8F8827C3A9D8}.Debug|Any CPU.ActiveCfg = Debug|Any CPU
		{66244C09-A822-79AB-6940-8F8827C3A9D8}.Debug|Any CPU.Build.0 = Debug|Any CPU
		{66244C09-A822-79AB-6940-8F8827C3A9D8}.Release|Any CPU.ActiveCfg = Release|Any CPU
		{66244C09-A822-79AB-6940-8F8827C3A9D8}.Release|Any CPU.Build.0 = Release|Any CPU
		{AA0644F6-DAD6-1A85-57BB-723AA155DD0F}.Debug|Any CPU.ActiveCfg = Debug|Any CPU
		{AA0644F6-DAD6-1A85-57BB-723AA155DD0F}.Debug|Any CPU.Build.0 = Debug|Any CPU
		{AA0644F6-DAD6-1A85-57BB-723AA155DD0F}.Release|Any CPU.ActiveCfg = Release|Any CPU
		{AA0644F6-DAD6-1A85-57BB-723AA155DD0F}.Release|Any CPU.Build.0 = Release|Any CPU
		{D933421F-0B68-DEB6-1143-7E77340BAC38}.Debug|Any CPU.ActiveCfg = Debug|Any CPU
		{D933421F-0B68-DEB6-1143-7E77340BAC38}.Debug|Any CPU.Build.0 = Debug|Any CPU
		{D933421F-0B68-DEB6-1143-7E77340BAC38}.Release|Any CPU.ActiveCfg = Release|Any CPU
		{D933421F-0B68-DEB6-1143-7E77340BAC38}.Release|Any CPU.Build.0 = Release|Any CPU
		{0C56FFC7-B04B-E236-96B2-66C08CDB88B4}.Debug|Any CPU.ActiveCfg = Debug|Any CPU
		{0C56FFC7-B04B-E236-96B2-66C08CDB88B4}.Debug|Any CPU.Build.0 = Debug|Any CPU
		{0C56FFC7-B04B-E236-96B2-66C08CDB88B4}.Release|Any CPU.ActiveCfg = Release|Any CPU
		{0C56FFC7-B04B-E236-96B2-66C08CDB88B4}.Release|Any CPU.Build.0 = Release|Any CPU
		{BA141655-6EC6-2E23-DE56-5D9E2230E97A}.Debug|Any CPU.ActiveCfg = Debug|Any CPU
		{BA141655-6EC6-2E23-DE56-5D9E2230E97A}.Debug|Any CPU.Build.0 = Debug|Any CPU
		{BA141655-6EC6-2E23-DE56-5D9E2230E97A}.Release|Any CPU.ActiveCfg = Release|Any CPU
		{BA141655-6EC6-2E23-DE56-5D9E2230E97A}.Release|Any CPU.Build.0 = Release|Any CPU
		{1DD8566A-7BEC-6DCF-73DE-3EC96799BDCF}.Debug|Any CPU.ActiveCfg = Debug|Any CPU
		{1DD8566A-7BEC-6DCF-73DE-3EC96799BDCF}.Debug|Any CPU.Build.0 = Debug|Any CPU
		{1DD8566A-7BEC-6DCF-73DE-3EC96799BDCF}.Release|Any CPU.ActiveCfg = Release|Any CPU
		{1DD8566A-7BEC-6DCF-73DE-3EC96799BDCF}.Release|Any CPU.Build.0 = Release|Any CPU
		{150BC31C-10E7-6CC2-63F9-19A40E0B6B21}.Debug|Any CPU.ActiveCfg = Debug|Any CPU
		{150BC31C-10E7-6CC2-63F9-19A40E0B6B21}.Debug|Any CPU.Build.0 = Debug|Any CPU
		{150BC31C-10E7-6CC2-63F9-19A40E0B6B21}.Release|Any CPU.ActiveCfg = Release|Any CPU
		{150BC31C-10E7-6CC2-63F9-19A40E0B6B21}.Release|Any CPU.Build.0 = Release|Any CPU
		{A449A66A-ADC6-4A82-AB69-7E235CB330CA}.Debug|Any CPU.ActiveCfg = Debug|Any CPU
		{A449A66A-ADC6-4A82-AB69-7E235CB330CA}.Debug|Any CPU.Build.0 = Debug|Any CPU
		{A449A66A-ADC6-4A82-AB69-7E235CB330CA}.Release|Any CPU.ActiveCfg = Release|Any CPU
		{A449A66A-ADC6-4A82-AB69-7E235CB330CA}.Release|Any CPU.Build.0 = Release|Any CPU
		{94E3B281-89CE-81BD-C429-C2FE93184137}.Debug|Any CPU.ActiveCfg = Debug|Any CPU
		{94E3B281-89CE-81BD-C429-C2FE93184137}.Debug|Any CPU.Build.0 = Debug|Any CPU
		{94E3B281-89CE-81BD-C429-C2FE93184137}.Release|Any CPU.ActiveCfg = Release|Any CPU
		{94E3B281-89CE-81BD-C429-C2FE93184137}.Release|Any CPU.Build.0 = Release|Any CPU
	EndGlobalSection
	GlobalSection(SolutionProperties) = preSolution
		HideSolutionNode = FALSE
	EndGlobalSection
EndGlobal
